// !$*UTF8*$!
{
	archiveVersion = 1;
	classes = {
	};
	objectVersion = 50;
	objects = {

/* Begin PBXBuildFile section */
		56211F9F22E6315B00B91282 /* AppDelegate.swift in Sources */ = {isa = PBXBuildFile; fileRef = 56211F9E22E6315B00B91282 /* AppDelegate.swift */; };
		56211FA122E6315B00B91282 /* listItemController.swift in Sources */ = {isa = PBXBuildFile; fileRef = 56211FA022E6315B00B91282 /* listItemController.swift */; };
		56211FA422E6315B00B91282 /* Main.storyboard in Resources */ = {isa = PBXBuildFile; fileRef = 56211FA222E6315B00B91282 /* Main.storyboard */; };
		56211FA622E6315C00B91282 /* Assets.xcassets in Resources */ = {isa = PBXBuildFile; fileRef = 56211FA522E6315C00B91282 /* Assets.xcassets */; };
		56211FA922E6315C00B91282 /* LaunchScreen.storyboard in Resources */ = {isa = PBXBuildFile; fileRef = 56211FA722E6315C00B91282 /* LaunchScreen.storyboard */; };
		56211FB322E6403200B91282 /* prallexCell.swift in Sources */ = {isa = PBXBuildFile; fileRef = 56211FB222E6403200B91282 /* prallexCell.swift */; };
		56211FB522E6430700B91282 /* photos+Names.swift in Sources */ = {isa = PBXBuildFile; fileRef = 56211FB422E6430700B91282 /* photos+Names.swift */; };
/* End PBXBuildFile section */

/* Begin PBXFileReference section */
		56211F9B22E6315B00B91282 /* Accelmrator-Tron.app */ = {isa = PBXFileReference; explicitFileType = wrapper.application; includeInIndex = 0; path = "Accelmrator-Tron.app"; sourceTree = BUILT_PRODUCTS_DIR; };
		56211F9E22E6315B00B91282 /* AppDelegate.swift */ = {isa = PBXFileReference; lastKnownFileType = sourcecode.swift; path = AppDelegate.swift; sourceTree = "<group>"; };
		56211FA022E6315B00B91282 /* listItemController.swift */ = {isa = PBXFileReference; lastKnownFileType = sourcecode.swift; path = listItemController.swift; sourceTree = "<group>"; };
		56211FA322E6315B00B91282 /* Base */ = {isa = PBXFileReference; lastKnownFileType = file.storyboard; name = Base; path = Base.lproj/Main.storyboard; sourceTree = "<group>"; };
		56211FA522E6315C00B91282 /* Assets.xcassets */ = {isa = PBXFileReference; lastKnownFileType = folder.assetcatalog; path = Assets.xcassets; sourceTree = "<group>"; };
		56211FA822E6315C00B91282 /* Base */ = {isa = PBXFileReference; lastKnownFileType = file.storyboard; name = Base; path = Base.lproj/LaunchScreen.storyboard; sourceTree = "<group>"; };
		56211FAA22E6315C00B91282 /* Info.plist */ = {isa = PBXFileReference; lastKnownFileType = text.plist.xml; path = Info.plist; sourceTree = "<group>"; };
		56211FB222E6403200B91282 /* prallexCell.swift */ = {isa = PBXFileReference; lastKnownFileType = sourcecode.swift; path = prallexCell.swift; sourceTree = "<group>"; };
		56211FB422E6430700B91282 /* photos+Names.swift */ = {isa = PBXFileReference; lastKnownFileType = sourcecode.swift; path = "photos+Names.swift"; sourceTree = "<group>"; };
/* End PBXFileReference section */

/* Begin PBXFrameworksBuildPhase section */
		56211F9822E6315B00B91282 /* Frameworks */ = {
			isa = PBXFrameworksBuildPhase;
			buildActionMask = 2147483647;
			files = (
			);
			runOnlyForDeploymentPostprocessing = 0;
		};
/* End PBXFrameworksBuildPhase section */

/* Begin PBXGroup section */
		56211F9222E6315B00B91282 = {
			isa = PBXGroup;
			children = (
				56211F9D22E6315B00B91282 /* Accelmrator-Tron */,
				56211F9C22E6315B00B91282 /* Products */,
			);
			sourceTree = "<group>";
		};
		56211F9C22E6315B00B91282 /* Products */ = {
			isa = PBXGroup;
			children = (
				56211F9B22E6315B00B91282 /* Accelmrator-Tron.app */,
			);
			name = Products;
			sourceTree = "<group>";
		};
		56211F9D22E6315B00B91282 /* Accelmrator-Tron */ = {
			isa = PBXGroup;
			children = (
				56211FB122E6400B00B91282 /* views */,
				56211FB022E6400100B91282 /* Controller */,
				56211F9E22E6315B00B91282 /* AppDelegate.swift */,
				56211FA222E6315B00B91282 /* Main.storyboard */,
				56211FA522E6315C00B91282 /* Assets.xcassets */,
				56211FA722E6315C00B91282 /* LaunchScreen.storyboard */,
				56211FAA22E6315C00B91282 /* Info.plist */,
				56211FB422E6430700B91282 /* photos+Names.swift */,
			);
			path = "Accelmrator-Tron";
			sourceTree = "<group>";
		};
		56211FB022E6400100B91282 /* Controller */ = {
			isa = PBXGroup;
			children = (
				56211FA022E6315B00B91282 /* listItemController.swift */,
			);
			path = Controller;
			sourceTree = "<group>";
		};
		56211FB122E6400B00B91282 /* views */ = {
			isa = PBXGroup;
			children = (
				56211FB222E6403200B91282 /* prallexCell.swift */,
			);
			path = views;
			sourceTree = "<group>";
		};
/* End PBXGroup section */

/* Begin PBXNativeTarget section */
		56211F9A22E6315B00B91282 /* Accelmrator-Tron */ = {
			isa = PBXNativeTarget;
			buildConfigurationList = 56211FAD22E6315C00B91282 /* Build configuration list for PBXNativeTarget "Accelmrator-Tron" */;
			buildPhases = (
				56211F9722E6315B00B91282 /* Sources */,
				56211F9822E6315B00B91282 /* Frameworks */,
				56211F9922E6315B00B91282 /* Resources */,
			);
			buildRules = (
			);
			dependencies = (
			);
			name = "Accelmrator-Tron";
			productName = "Accelmrator-Tron";
			productReference = 56211F9B22E6315B00B91282 /* Accelmrator-Tron.app */;
			productType = "com.apple.product-type.application";
		};
/* End PBXNativeTarget section */

/* Begin PBXProject section */
		56211F9322E6315B00B91282 /* Project object */ = {
			isa = PBXProject;
			attributes = {
				LastSwiftUpdateCheck = 1000;
				LastUpgradeCheck = 1000;
				ORGANIZATIONNAME = "com.Islam Swira";
				TargetAttributes = {
					56211F9A22E6315B00B91282 = {
						CreatedOnToolsVersion = 10.0;
					};
				};
			};
			buildConfigurationList = 56211F9622E6315B00B91282 /* Build configuration list for PBXProject "Accelmrator-Tron" */;
			compatibilityVersion = "Xcode 9.3";
			developmentRegion = en;
			hasScannedForEncodings = 0;
			knownRegions = (
				en,
				Base,
			);
			mainGroup = 56211F9222E6315B00B91282;
			productRefGroup = 56211F9C22E6315B00B91282 /* Products */;
			projectDirPath = "";
			projectRoot = "";
			targets = (
				56211F9A22E6315B00B91282 /* Accelmrator-Tron */,
			);
		};
/* End PBXProject section */

/* Begin PBXResourcesBuildPhase section */
		56211F9922E6315B00B91282 /* Resources */ = {
			isa = PBXResourcesBuildPhase;
			buildActionMask = 2147483647;
			files = (
				56211FA922E6315C00B91282 /* LaunchScreen.storyboard in Resources */,
				56211FA622E6315C00B91282 /* Assets.xcassets in Resources */,
				56211FA422E6315B00B91282 /* Main.storyboard in Resources */,
			);
			runOnlyForDeploymentPostprocessing = 0;
		};
/* End PBXResourcesBuildPhase section */

/* Begin PBXSourcesBuildPhase section */
		56211F9722E6315B00B91282 /* Sources */ = {
			isa = PBXSourcesBuildPhase;
			buildActionMask = 2147483647;
			files = (
				56211FA122E6315B00B91282 /* listItemController.swift in Sources */,
				56211FB522E6430700B91282 /* photos+Names.swift in Sources */,
				56211FB322E6403200B91282 /* prallexCell.swift in Sources */,
				56211F9F22E6315B00B91282 /* AppDelegate.swift in Sources */,
			);
			runOnlyForDeploymentPostprocessing = 0;
		};
/* End PBXSourcesBuildPhase section */

/* Begin PBXVariantGroup section */
		56211FA222E6315B00B91282 /* Main.storyboard */ = {
			isa = PBXVariantGroup;
			children = (
				56211FA322E6315B00B91282 /* Base */,
			);
			name = Main.storyboard;
			sourceTree = "<group>";
		};
		56211FA722E6315C00B91282 /* LaunchScreen.storyboard */ = {
			isa = PBXVariantGroup;
			children = (
				56211FA822E6315C00B91282 /* Base */,
			);
			name = LaunchScreen.storyboard;
			sourceTree = "<group>";
		};
/* End PBXVariantGroup section */

/* Begin XCBuildConfiguration section */
		56211FAB22E6315C00B91282 /* Debug */ = {
			isa = XCBuildConfiguration;
			buildSettings = {
				ALWAYS_SEARCH_USER_PATHS = NO;
				CLANG_ANALYZER_NONNULL = YES;
				CLANG_ANALYZER_NUMBER_OBJECT_CONVERSION = YES_AGGRESSIVE;
				CLANG_CXX_LANGUAGE_STANDARD = "gnu++14";
				CLANG_CXX_LIBRARY = "libc++";
				CLANG_ENABLE_MODULES = YES;
				CLANG_ENABLE_OBJC_ARC = YES;
				CLANG_ENABLE_OBJC_WEAK = YES;
				CLANG_WARN_BLOCK_CAPTURE_AUTORELEASING = YES;
				CLANG_WARN_BOOL_CONVERSION = YES;
				CLANG_WARN_COMMA = YES;
				CLANG_WARN_CONSTANT_CONVERSION = YES;
				CLANG_WARN_DEPRECATED_OBJC_IMPLEMENTATIONS = YES;
				CLANG_WARN_DIRECT_OBJC_ISA_USAGE = YES_ERROR;
				CLANG_WARN_DOCUMENTATION_COMMENTS = YES;
				CLANG_WARN_EMPTY_BODY = YES;
				CLANG_WARN_ENUM_CONVERSION = YES;
				CLANG_WARN_INFINITE_RECURSION = YES;
				CLANG_WARN_INT_CONVERSION = YES;
				CLANG_WARN_NON_LITERAL_NULL_CONVERSION = YES;
				CLANG_WARN_OBJC_IMPLICIT_RETAIN_SELF = YES;
				CLANG_WARN_OBJC_LITERAL_CONVERSION = YES;
				CLANG_WARN_OBJC_ROOT_CLASS = YES_ERROR;
				CLANG_WARN_RANGE_LOOP_ANALYSIS = YES;
				CLANG_WARN_STRICT_PROTOTYPES = YES;
				CLANG_WARN_SUSPICIOUS_MOVE = YES;
				CLANG_WARN_UNGUARDED_AVAILABILITY = YES_AGGRESSIVE;
				CLANG_WARN_UNREACHABLE_CODE = YES;
				CLANG_WARN__DUPLICATE_METHOD_MATCH = YES;
				CODE_SIGN_IDENTITY = "iPhone Developer";
				COPY_PHASE_STRIP = NO;
				DEBUG_INFORMATION_FORMAT = dwarf;
				ENABLE_STRICT_OBJC_MSGSEND = YES;
				ENABLE_TESTABILITY = YES;
				GCC_C_LANGUAGE_STANDARD = gnu11;
				GCC_DYNAMIC_NO_PIC = NO;
				GCC_NO_COMMON_BLOCKS = YES;
				GCC_OPTIMIZATION_LEVEL = 0;
				GCC_PREPROCESSOR_DEFINITIONS = (
					"DEBUG=1",
					"$(inherited)",
				);
				GCC_WARN_64_TO_32_BIT_CONVERSION = YES;
				GCC_WARN_ABOUT_RETURN_TYPE = YES_ERROR;
				GCC_WARN_UNDECLARED_SELECTOR = YES;
				GCC_WARN_UNINITIALIZED_AUTOS = YES_AGGRESSIVE;
				GCC_WARN_UNUSED_FUNCTION = YES;
				GCC_WARN_UNUSED_VARIABLE = YES;
				IPHONEOS_DEPLOYMENT_TARGET = 12.0;
				MTL_ENABLE_DEBUG_INFO = INCLUDE_SOURCE;
				MTL_FAST_MATH = YES;
				ONLY_ACTIVE_ARCH = YES;
				SDKROOT = iphoneos;
				SWIFT_ACTIVE_COMPILATION_CONDITIONS = DEBUG;
				SWIFT_OPTIMIZATION_LEVEL = "-Onone";
			};
			name = Debug;
		};
		56211FAC22E6315C00B91282 /* Release */ = {
			isa = XCBuildConfiguration;
			buildSettings = {
				ALWAYS_SEARCH_USER_PATHS = NO;
				CLANG_ANALYZER_NONNULL = YES;
				CLANG_ANALYZER_NUMBER_OBJECT_CONVERSION = YES_AGGRESSIVE;
				CLANG_CXX_LANGUAGE_STANDARD = "gnu++14";
				CLANG_CXX_LIBRARY = "libc++";
				CLANG_ENABLE_MODULES = YES;
				CLANG_ENABLE_OBJC_ARC = YES;
				CLANG_ENABLE_OBJC_WEAK = YES;
				CLANG_WARN_BLOCK_CAPTURE_AUTORELEASING = YES;
				CLANG_WARN_BOOL_CONVERSION = YES;
				CLANG_WARN_COMMA = YES;
				CLANG_WARN_CONSTANT_CONVERSION = YES;
				CLANG_WARN_DEPRECATED_OBJC_IMPLEMENTATIONS = YES;
				CLANG_WARN_DIRECT_OBJC_ISA_USAGE = YES_ERROR;
				CLANG_WARN_DOCUMENTATION_COMMENTS = YES;
				CLANG_WARN_EMPTY_BODY = YES;
				CLANG_WARN_ENUM_CONVERSION = YES;
				CLANG_WARN_INFINITE_RECURSION = YES;
				CLANG_WARN_INT_CONVERSION = YES;
				CLANG_WARN_NON_LITERAL_NULL_CONVERSION = YES;
				CLANG_WARN_OBJC_IMPLICIT_RETAIN_SELF = YES;
				CLANG_WARN_OBJC_LITERAL_CONVERSION = YES;
				CLANG_WARN_OBJC_ROOT_CLASS = YES_ERROR;
				CLANG_WARN_RANGE_LOOP_ANALYSIS = YES;
				CLANG_WARN_STRICT_PROTOTYPES = YES;
				CLANG_WARN_SUSPICIOUS_MOVE = YES;
				CLANG_WARN_UNGUARDED_AVAILABILITY = YES_AGGRESSIVE;
				CLANG_WARN_UNREACHABLE_CODE = YES;
				CLANG_WARN__DUPLICATE_METHOD_MATCH = YES;
				CODE_SIGN_IDENTITY = "iPhone Developer";
				COPY_PHASE_STRIP = NO;
				DEBUG_INFORMATION_FORMAT = "dwarf-with-dsym";
				ENABLE_NS_ASSERTIONS = NO;
				ENABLE_STRICT_OBJC_MSGSEND = YES;
				GCC_C_LANGUAGE_STANDARD = gnu11;
				GCC_NO_COMMON_BLOCKS = YES;
				GCC_WARN_64_TO_32_BIT_CONVERSION = YES;
				GCC_WARN_ABOUT_RETURN_TYPE = YES_ERROR;
				GCC_WARN_UNDECLARED_SELECTOR = YES;
				GCC_WARN_UNINITIALIZED_AUTOS = YES_AGGRESSIVE;
				GCC_WARN_UNUSED_FUNCTION = YES;
				GCC_WARN_UNUSED_VARIABLE = YES;
				IPHONEOS_DEPLOYMENT_TARGET = 12.0;
				MTL_ENABLE_DEBUG_INFO = NO;
				MTL_FAST_MATH = YES;
				SDKROOT = iphoneos;
				SWIFT_COMPILATION_MODE = wholemodule;
				SWIFT_OPTIMIZATION_LEVEL = "-O";
				VALIDATE_PRODUCT = YES;
			};
			name = Release;
		};
		56211FAE22E6315C00B91282 /* Debug */ = {
			isa = XCBuildConfiguration;
			buildSettings = {
				ASSETCATALOG_COMPILER_APPICON_NAME = AppIcon;
				CODE_SIGN_STYLE = Automatic;
				INFOPLIST_FILE = "Accelmrator-Tron/Info.plist";
				LD_RUNPATH_SEARCH_PATHS = (
					"$(inherited)",
					"@executable_path/Frameworks",
				);
				PRODUCT_BUNDLE_IDENTIFIER = "com.Islam-Swira.Accelmrator-Tron";
				PRODUCT_NAME = "$(TARGET_NAME)";
				SWIFT_VERSION = 4.2;
				TARGETED_DEVICE_FAMILY = "1,2";
			};
			name = Debug;
		};
		56211FAF22E6315C00B91282 /* Release */ = {
			isa = XCBuildConfiguration;
			buildSettings = {
				ASSETCATALOG_COMPILER_APPICON_NAME = AppIcon;
				CODE_SIGN_STYLE = Automatic;
				INFOPLIST_FILE = "Accelmrator-Tron/Info.plist";
				LD_RUNPATH_SEARCH_PATHS = (
					"$(inherited)",
					"@executable_path/Frameworks",
				);
				PRODUCT_BUNDLE_IDENTIFIER = "com.Islam-Swira.Accelmrator-Tron";
				PRODUCT_NAME = "$(TARGET_NAME)";
				SWIFT_VERSION = 4.2;
				TARGETED_DEVICE_FAMILY = "1,2";
			};
			name = Release;
		};
/* End XCBuildConfiguration section */

/* Begin XCConfigurationList section */
		56211F9622E6315B00B91282 /* Build configuration list for PBXProject "Accelmrator-Tron" */ = {
			isa = XCConfigurationList;
			buildConfigurations = (
				56211FAB22E6315C00B91282 /* Debug */,
				56211FAC22E6315C00B91282 /* Release */,
			);
			defaultConfigurationIsVisible = 0;
			defaultConfigurationName = Release;
		};
		56211FAD22E6315C00B91282 /* Build configuration list for PBXNativeTarget "Accelmrator-Tron" */ = {
			isa = XCConfigurationList;
			buildConfigurations = (
				56211FAE22E6315C00B91282 /* Debug */,
				56211FAF22E6315C00B91282 /* Release */,
			);
			defaultConfigurationIsVisible = 0;
			defaultConfigurationName = Release;
		};
/* End XCConfigurationList section */
	};
	rootObject = 56211F9322E6315B00B91282 /* Project object */;
}
